
Microsoft Visual Studio Solution File, Format Version 12.00
# Visual Studio Version 17
VisualStudioVersion = 17.11.35219.272
MinimumVisualStudioVersion = 10.0.40219.1
Project("{FAE04EC0-301F-11D3-BF4B-00C04F79EFBC}") = "CameraViewDemo", "CameraViewDemo\CameraViewDemo.csproj", "{FDC3BD51-F92B-4399-8AA2-3E01DA3D5C0C}"
EndProject
Global
	GlobalSection(SolutionConfigurationPlatforms) = preSolution
		Debug|Any CPU = Debug|Any CPU
		Release|Any CPU = Release|Any CPU
	EndGlobalSection
	GlobalSection(ProjectConfigurationPlatforms) = postSolution
		{FDC3BD51-F92B-4399-8AA2-3E01DA3D5C0C}.Debug|Any CPU.ActiveCfg = Debug|Any CPU
		{FDC3BD51-F92B-4399-8AA2-3E01DA3D5C0C}.Debug|Any CPU.Build.0 = Debug|Any CPU
		{FDC3BD51-F92B-4399-8AA2-3E01DA3D5C0C}.Debug|Any CPU.Deploy.0 = Debug|Any CPU
		{FDC3BD51-F92B-4399-8AA2-3E01DA3D5C0C}.Release|Any CPU.ActiveCfg = Release|Any CPU
		{FDC3BD51-F92B-4399-8AA2-3E01DA3D5C0C}.Release|Any CPU.Build.0 = Release|Any CPU
		{FDC3BD51-F92B-4399-8AA2-3E01DA3D5C0C}.Release|Any CPU.Deploy.0 = Release|Any CPU
	EndGlobalSection
	GlobalSection(SolutionProperties) = preSolution
		HideSolutionNode = FALSE
	EndGlobalSection
	GlobalSection(ExtensibilityGlobals) = postSolution
		SolutionGuid = {45BD08CC-4775-4E9D-A358-947979C8743C}
	EndGlobalSection
EndGlobal
